// !$*UTF8*$!
{
	archiveVersion = 1;
	classes = {
	};
	objectVersion = 56;
	objects = {

/* Begin PBXBuildFile section */
		4311049E2C1441F700422179 /* AppDelegate.swift in Sources */ = {isa = PBXBuildFile; fileRef = 4311049D2C1441F700422179 /* AppDelegate.swift */; };
		431104A02C1441F700422179 /* SceneDelegate.swift in Sources */ = {isa = PBXBuildFile; fileRef = 4311049F2C1441F700422179 /* SceneDelegate.swift */; };
		431104A22C1441F700422179 /* ViewController.swift in Sources */ = {isa = PBXBuildFile; fileRef = 431104A12C1441F700422179 /* ViewController.swift */; };
		431104A52C1441F700422179 /* Base in Resources */ = {isa = PBXBuildFile; fileRef = 431104A42C1441F700422179 /* Base */; };
		431104A72C1441F900422179 /* Assets.xcassets in Resources */ = {isa = PBXBuildFile; fileRef = 431104A62C1441F900422179 /* Assets.xcassets */; };
		431104AA2C1441F900422179 /* Base in Resources */ = {isa = PBXBuildFile; fileRef = 431104A92C1441F900422179 /* Base */; };
		431104B32C144C0900422179 /* CountriesDetailModelViewController.xib in Resources */ = {isa = PBXBuildFile; fileRef = 431104B22C144C0900422179 /* CountriesDetailModelViewController.xib */; };
		431104B62C144F4800422179 /* StatePlacesViewController.xib in Resources */ = {isa = PBXBuildFile; fileRef = 431104B52C144F4800422179 /* StatePlacesViewController.xib */; };
		43BF12F42C1C22C700A55E8E /* CapitalsDTO.swift in Sources */ = {isa = PBXBuildFile; fileRef = 43BF12F32C1C22C700A55E8E /* CapitalsDTO.swift */; };
		43BF12F62C1C28D400A55E8E /* Capital.swift in Sources */ = {isa = PBXBuildFile; fileRef = 43BF12F52C1C28D400A55E8E /* Capital.swift */; };
		43BF12F82C1C293100A55E8E /* CapitalModel.swift in Sources */ = {isa = PBXBuildFile; fileRef = 43BF12F72C1C293100A55E8E /* CapitalModel.swift */; };
		43D4280F2C1C9611003AB24C /* StatePlacesViewController.swift in Sources */ = {isa = PBXBuildFile; fileRef = 43D4280E2C1C9611003AB24C /* StatePlacesViewController.swift */; };
		43D428112C1CA07C003AB24C /* CurrencyDTO.swift in Sources */ = {isa = PBXBuildFile; fileRef = 43D428102C1CA07C003AB24C /* CurrencyDTO.swift */; };
		43D428132C1CA0D3003AB24C /* Currency.swift in Sources */ = {isa = PBXBuildFile; fileRef = 43D428122C1CA0D3003AB24C /* Currency.swift */; };
		43D428152C1CA10F003AB24C /* CurrencyModel.swift in Sources */ = {isa = PBXBuildFile; fileRef = 43D428142C1CA10F003AB24C /* CurrencyModel.swift */; };
		43D428172C1CBF86003AB24C /* CambioViewController.swift in Sources */ = {isa = PBXBuildFile; fileRef = 43D428162C1CBF86003AB24C /* CambioViewController.swift */; };
		43DECD422C1D82CA0006A8CF /* PointsInterest.swift in Sources */ = {isa = PBXBuildFile; fileRef = 43DECD412C1D82CA0006A8CF /* PointsInterest.swift */; };
		5551DA582C14BD78002D197E /* CustomCollectionViewCell.swift in Sources */ = {isa = PBXBuildFile; fileRef = 5551DA572C14BD78002D197E /* CustomCollectionViewCell.swift */; };
		5551DA5D2C14C0A4002D197E /* Flags.json in Resources */ = {isa = PBXBuildFile; fileRef = 5551DA5C2C14C0A4002D197E /* Flags.json */; };
		5551DA5F2C14C0E1002D197E /* PointsOfInterest.json in Resources */ = {isa = PBXBuildFile; fileRef = 5551DA5E2C14C0E1002D197E /* PointsOfInterest.json */; };
		5551DA612C14C0F9002D197E /* Capitals.json in Resources */ = {isa = PBXBuildFile; fileRef = 5551DA602C14C0F9002D197E /* Capitals.json */; };
		5551DA632C14C100002D197E /* Countrys.json in Resources */ = {isa = PBXBuildFile; fileRef = 5551DA622C14C100002D197E /* Countrys.json */; };
		5551DA652C14C106002D197E /* CountriesDetails.json in Resources */ = {isa = PBXBuildFile; fileRef = 5551DA642C14C106002D197E /* CountriesDetails.json */; };
		5551DA672C14C10C002D197E /* CurrencyConversion.json in Resources */ = {isa = PBXBuildFile; fileRef = 5551DA662C14C10C002D197E /* CurrencyConversion.json */; };
		5551DA692C14C112002D197E /* Currency.json in Resources */ = {isa = PBXBuildFile; fileRef = 5551DA682C14C112002D197E /* Currency.json */; };
		5551DA6C2C14C18E002D197E /* Extensions.swift in Sources */ = {isa = PBXBuildFile; fileRef = 5551DA6B2C14C18E002D197E /* Extensions.swift */; };
		5551DA6E2C14C26D002D197E /* FlagsDTO.swift in Sources */ = {isa = PBXBuildFile; fileRef = 5551DA6D2C14C26D002D197E /* FlagsDTO.swift */; };
		5551DA712C14C2F3002D197E /* FlagsModel.swift in Sources */ = {isa = PBXBuildFile; fileRef = 5551DA702C14C2F3002D197E /* FlagsModel.swift */; };
		5551DA762C14C3CD002D197E /* Flag.swift in Sources */ = {isa = PBXBuildFile; fileRef = 5551DA752C14C3CD002D197E /* Flag.swift */; };
		5551DA782C14D29A002D197E /* CountriesDetailsDTO.swift in Sources */ = {isa = PBXBuildFile; fileRef = 5551DA772C14D29A002D197E /* CountriesDetailsDTO.swift */; };
		5551DA7A2C14D632002D197E /* CountriesDetail.swift in Sources */ = {isa = PBXBuildFile; fileRef = 5551DA792C14D632002D197E /* CountriesDetail.swift */; };
		5551DA7D2C14D6A2002D197E /* CountriesDetailModel.swift in Sources */ = {isa = PBXBuildFile; fileRef = 5551DA7C2C14D6A2002D197E /* CountriesDetailModel.swift */; };
		5551DA7F2C14D9C1002D197E /* CountriesDetailModelViewController.swift in Sources */ = {isa = PBXBuildFile; fileRef = 5551DA7E2C14D9C1002D197E /* CountriesDetailModelViewController.swift */; };
/* End PBXBuildFile section */

/* Begin PBXFileReference section */
		4311049A2C1441F700422179 /* CountrysCurrencyApp.app */ = {isa = PBXFileReference; explicitFileType = wrapper.application; includeInIndex = 0; path = CountrysCurrencyApp.app; sourceTree = BUILT_PRODUCTS_DIR; };
		4311049D2C1441F700422179 /* AppDelegate.swift */ = {isa = PBXFileReference; lastKnownFileType = sourcecode.swift; path = AppDelegate.swift; sourceTree = "<group>"; };
		4311049F2C1441F700422179 /* SceneDelegate.swift */ = {isa = PBXFileReference; lastKnownFileType = sourcecode.swift; path = SceneDelegate.swift; sourceTree = "<group>"; };
		431104A12C1441F700422179 /* ViewController.swift */ = {isa = PBXFileReference; lastKnownFileType = sourcecode.swift; path = ViewController.swift; sourceTree = "<group>"; };
		431104A42C1441F700422179 /* Base */ = {isa = PBXFileReference; lastKnownFileType = file.storyboard; name = Base; path = Base.lproj/Main.storyboard; sourceTree = "<group>"; };
		431104A62C1441F900422179 /* Assets.xcassets */ = {isa = PBXFileReference; lastKnownFileType = folder.assetcatalog; path = Assets.xcassets; sourceTree = "<group>"; };
		431104A92C1441F900422179 /* Base */ = {isa = PBXFileReference; lastKnownFileType = file.storyboard; name = Base; path = Base.lproj/LaunchScreen.storyboard; sourceTree = "<group>"; };
		431104AB2C1441F900422179 /* Info.plist */ = {isa = PBXFileReference; lastKnownFileType = text.plist.xml; path = Info.plist; sourceTree = "<group>"; };
		431104B22C144C0900422179 /* CountriesDetailModelViewController.xib */ = {isa = PBXFileReference; lastKnownFileType = file.xib; path = CountriesDetailModelViewController.xib; sourceTree = "<group>"; };
		431104B52C144F4800422179 /* StatePlacesViewController.xib */ = {isa = PBXFileReference; lastKnownFileType = file.xib; path = StatePlacesViewController.xib; sourceTree = "<group>"; };
		43BF12F32C1C22C700A55E8E /* CapitalsDTO.swift */ = {isa = PBXFileReference; lastKnownFileType = sourcecode.swift; path = CapitalsDTO.swift; sourceTree = "<group>"; };
		43BF12F52C1C28D400A55E8E /* Capital.swift */ = {isa = PBXFileReference; lastKnownFileType = sourcecode.swift; path = Capital.swift; sourceTree = "<group>"; };
		43BF12F72C1C293100A55E8E /* CapitalModel.swift */ = {isa = PBXFileReference; lastKnownFileType = sourcecode.swift; path = CapitalModel.swift; sourceTree = "<group>"; };
		43D4280E2C1C9611003AB24C /* StatePlacesViewController.swift */ = {isa = PBXFileReference; lastKnownFileType = sourcecode.swift; path = StatePlacesViewController.swift; sourceTree = "<group>"; };
		43D428102C1CA07C003AB24C /* CurrencyDTO.swift */ = {isa = PBXFileReference; lastKnownFileType = sourcecode.swift; path = CurrencyDTO.swift; sourceTree = "<group>"; };
		43D428122C1CA0D3003AB24C /* Currency.swift */ = {isa = PBXFileReference; lastKnownFileType = sourcecode.swift; path = Currency.swift; sourceTree = "<group>"; };
		43D428142C1CA10F003AB24C /* CurrencyModel.swift */ = {isa = PBXFileReference; lastKnownFileType = sourcecode.swift; path = CurrencyModel.swift; sourceTree = "<group>"; };
		43D428162C1CBF86003AB24C /* CambioViewController.swift */ = {isa = PBXFileReference; lastKnownFileType = sourcecode.swift; path = CambioViewController.swift; sourceTree = "<group>"; };
		43DECD412C1D82CA0006A8CF /* PointsInterest.swift */ = {isa = PBXFileReference; lastKnownFileType = sourcecode.swift; path = PointsInterest.swift; sourceTree = "<group>"; };
		5551DA572C14BD78002D197E /* CustomCollectionViewCell.swift */ = {isa = PBXFileReference; lastKnownFileType = sourcecode.swift; path = CustomCollectionViewCell.swift; sourceTree = "<group>"; };
		5551DA5C2C14C0A4002D197E /* Flags.json */ = {isa = PBXFileReference; lastKnownFileType = text.json; path = Flags.json; sourceTree = "<group>"; };
		5551DA5E2C14C0E1002D197E /* PointsOfInterest.json */ = {isa = PBXFileReference; fileEncoding = 4; lastKnownFileType = text.json; name = PointsOfInterest.json; path = ../../../../../Downloads/Paises/PointsOfInterest.json; sourceTree = "<group>"; };
		5551DA602C14C0F9002D197E /* Capitals.json */ = {isa = PBXFileReference; fileEncoding = 4; lastKnownFileType = text.json; name = Capitals.json; path = ../../../../../Downloads/Paises/Capitals.json; sourceTree = "<group>"; };
		5551DA622C14C100002D197E /* Countrys.json */ = {isa = PBXFileReference; fileEncoding = 4; lastKnownFileType = text.json; name = Countrys.json; path = ../../../../../Downloads/Paises/Countrys.json; sourceTree = "<group>"; };
		5551DA642C14C106002D197E /* CountriesDetails.json */ = {isa = PBXFileReference; fileEncoding = 4; lastKnownFileType = text.json; name = CountriesDetails.json; path = ../../../../../Downloads/Paises/CountriesDetails.json; sourceTree = "<group>"; };
		5551DA662C14C10C002D197E /* CurrencyConversion.json */ = {isa = PBXFileReference; fileEncoding = 4; lastKnownFileType = text.json; name = CurrencyConversion.json; path = ../../../../../Downloads/Paises/CurrencyConversion.json; sourceTree = "<group>"; };
		5551DA682C14C112002D197E /* Currency.json */ = {isa = PBXFileReference; fileEncoding = 4; lastKnownFileType = text.json; name = Currency.json; path = ../../../../../Downloads/Paises/Currency.json; sourceTree = "<group>"; };
		5551DA6B2C14C18E002D197E /* Extensions.swift */ = {isa = PBXFileReference; lastKnownFileType = sourcecode.swift; path = Extensions.swift; sourceTree = "<group>"; };
		5551DA6D2C14C26D002D197E /* FlagsDTO.swift */ = {isa = PBXFileReference; lastKnownFileType = sourcecode.swift; path = FlagsDTO.swift; sourceTree = "<group>"; };
		5551DA702C14C2F3002D197E /* FlagsModel.swift */ = {isa = PBXFileReference; lastKnownFileType = sourcecode.swift; path = FlagsModel.swift; sourceTree = "<group>"; };
		5551DA752C14C3CD002D197E /* Flag.swift */ = {isa = PBXFileReference; lastKnownFileType = sourcecode.swift; path = Flag.swift; sourceTree = "<group>"; };
		5551DA772C14D29A002D197E /* CountriesDetailsDTO.swift */ = {isa = PBXFileReference; lastKnownFileType = sourcecode.swift; path = CountriesDetailsDTO.swift; sourceTree = "<group>"; };
		5551DA792C14D632002D197E /* CountriesDetail.swift */ = {isa = PBXFileReference; lastKnownFileType = sourcecode.swift; path = CountriesDetail.swift; sourceTree = "<group>"; };
		5551DA7C2C14D6A2002D197E /* CountriesDetailModel.swift */ = {isa = PBXFileReference; lastKnownFileType = sourcecode.swift; path = CountriesDetailModel.swift; sourceTree = "<group>"; };
		5551DA7E2C14D9C1002D197E /* CountriesDetailModelViewController.swift */ = {isa = PBXFileReference; lastKnownFileType = sourcecode.swift; path = CountriesDetailModelViewController.swift; sourceTree = "<group>"; };
/* End PBXFileReference section */

/* Begin PBXFrameworksBuildPhase section */
		431104972C1441F700422179 /* Frameworks */ = {
			isa = PBXFrameworksBuildPhase;
			buildActionMask = 2147483647;
			files = (
			);
			runOnlyForDeploymentPostprocessing = 0;
		};
/* End PBXFrameworksBuildPhase section */

/* Begin PBXGroup section */
		431104912C1441F700422179 = {
			isa = PBXGroup;
			children = (
				4311049C2C1441F700422179 /* CountrysCurrencyApp */,
				4311049B2C1441F700422179 /* Products */,
			);
			sourceTree = "<group>";
		};
		4311049B2C1441F700422179 /* Products */ = {
			isa = PBXGroup;
			children = (
				4311049A2C1441F700422179 /* CountrysCurrencyApp.app */,
			);
			name = Products;
			sourceTree = "<group>";
		};
		4311049C2C1441F700422179 /* CountrysCurrencyApp */ = {
			isa = PBXGroup;
			children = (
				5551DA7B2C14D68D002D197E /* CountriesDetail */,
				5551DA742C14C3AF002D197E /* DataModel */,
				5551DA6F2C14C2CC002D197E /* Flags */,
				5551DA6A2C14C175002D197E /* Utils */,
				5551DA592C14BF56002D197E /* Networking */,
				431104B42C144EF700422179 /* StatePlaces */,
				4311049D2C1441F700422179 /* AppDelegate.swift */,
				4311049F2C1441F700422179 /* SceneDelegate.swift */,
				43D428162C1CBF86003AB24C /* CambioViewController.swift */,
				431104A12C1441F700422179 /* ViewController.swift */,
				431104A32C1441F700422179 /* Main.storyboard */,
				431104A62C1441F900422179 /* Assets.xcassets */,
				431104A82C1441F900422179 /* LaunchScreen.storyboard */,
				431104AB2C1441F900422179 /* Info.plist */,
				5551DA572C14BD78002D197E /* CustomCollectionViewCell.swift */,
				43DECD412C1D82CA0006A8CF /* PointsInterest.swift */,
			);
			path = CountrysCurrencyApp;
			sourceTree = "<group>";
		};
		431104B42C144EF700422179 /* StatePlaces */ = {
			isa = PBXGroup;
			children = (
				43D4280E2C1C9611003AB24C /* StatePlacesViewController.swift */,
				431104B52C144F4800422179 /* StatePlacesViewController.xib */,
			);
			path = StatePlaces;
			sourceTree = "<group>";
		};
		5551DA592C14BF56002D197E /* Networking */ = {
			isa = PBXGroup;
			children = (
				5551DA5B2C14BF71002D197E /* DTO */,
				5551DA5A2C14BF6C002D197E /* Responses */,
			);
			path = Networking;
			sourceTree = "<group>";
		};
		5551DA5A2C14BF6C002D197E /* Responses */ = {
			isa = PBXGroup;
			children = (
				5551DA5E2C14C0E1002D197E /* PointsOfInterest.json */,
				5551DA5C2C14C0A4002D197E /* Flags.json */,
				5551DA602C14C0F9002D197E /* Capitals.json */,
				5551DA622C14C100002D197E /* Countrys.json */,
				5551DA642C14C106002D197E /* CountriesDetails.json */,
				5551DA662C14C10C002D197E /* CurrencyConversion.json */,
				5551DA682C14C112002D197E /* Currency.json */,
			);
			path = Responses;
			sourceTree = "<group>";
		};
		5551DA5B2C14BF71002D197E /* DTO */ = {
			isa = PBXGroup;
			children = (
				5551DA6D2C14C26D002D197E /* FlagsDTO.swift */,
				5551DA772C14D29A002D197E /* CountriesDetailsDTO.swift */,
				43BF12F32C1C22C700A55E8E /* CapitalsDTO.swift */,
				43D428102C1CA07C003AB24C /* CurrencyDTO.swift */,
			);
			path = DTO;
			sourceTree = "<group>";
		};
		5551DA6A2C14C175002D197E /* Utils */ = {
			isa = PBXGroup;
			children = (
				5551DA6B2C14C18E002D197E /* Extensions.swift */,
			);
			path = Utils;
			sourceTree = "<group>";
		};
		5551DA6F2C14C2CC002D197E /* Flags */ = {
			isa = PBXGroup;
			children = (
				5551DA702C14C2F3002D197E /* FlagsModel.swift */,
			);
			path = Flags;
			sourceTree = "<group>";
		};
		5551DA742C14C3AF002D197E /* DataModel */ = {
			isa = PBXGroup;
			children = (
				5551DA752C14C3CD002D197E /* Flag.swift */,
				5551DA792C14D632002D197E /* CountriesDetail.swift */,
				43BF12F52C1C28D400A55E8E /* Capital.swift */,
				43D428122C1CA0D3003AB24C /* Currency.swift */,
			);
			path = DataModel;
			sourceTree = "<group>";
		};
		5551DA7B2C14D68D002D197E /* CountriesDetail */ = {
			isa = PBXGroup;
			children = (
				5551DA7C2C14D6A2002D197E /* CountriesDetailModel.swift */,
				43D428142C1CA10F003AB24C /* CurrencyModel.swift */,
				43BF12F72C1C293100A55E8E /* CapitalModel.swift */,
				5551DA7E2C14D9C1002D197E /* CountriesDetailModelViewController.swift */,
				431104B22C144C0900422179 /* CountriesDetailModelViewController.xib */,
			);
			path = CountriesDetail;
			sourceTree = "<group>";
		};
/* End PBXGroup section */

/* Begin PBXNativeTarget section */
		431104992C1441F700422179 /* CountrysCurrencyApp */ = {
			isa = PBXNativeTarget;
			buildConfigurationList = 431104AE2C1441F900422179 /* Build configuration list for PBXNativeTarget "CountrysCurrencyApp" */;
			buildPhases = (
				431104962C1441F700422179 /* Sources */,
				431104972C1441F700422179 /* Frameworks */,
				431104982C1441F700422179 /* Resources */,
			);
			buildRules = (
			);
			dependencies = (
			);
			name = CountrysCurrencyApp;
			productName = CountrysCurrencyApp;
			productReference = 4311049A2C1441F700422179 /* CountrysCurrencyApp.app */;
			productType = "com.apple.product-type.application";
		};
/* End PBXNativeTarget section */

/* Begin PBXProject section */
		431104922C1441F700422179 /* Project object */ = {
			isa = PBXProject;
			attributes = {
				BuildIndependentTargetsInParallel = 1;
				LastSwiftUpdateCheck = 1530;
				LastUpgradeCheck = 1530;
				TargetAttributes = {
					431104992C1441F700422179 = {
						CreatedOnToolsVersion = 15.3;
					};
				};
			};
			buildConfigurationList = 431104952C1441F700422179 /* Build configuration list for PBXProject "CountrysCurrencyApp" */;
			compatibilityVersion = "Xcode 14.0";
			developmentRegion = en;
			hasScannedForEncodings = 0;
			knownRegions = (
				en,
				Base,
			);
			mainGroup = 431104912C1441F700422179;
			productRefGroup = 4311049B2C1441F700422179 /* Products */;
			projectDirPath = "";
			projectRoot = "";
			targets = (
				431104992C1441F700422179 /* CountrysCurrencyApp */,
			);
		};
/* End PBXProject section */

/* Begin PBXResourcesBuildPhase section */
		431104982C1441F700422179 /* Resources */ = {
			isa = PBXResourcesBuildPhase;
			buildActionMask = 2147483647;
			files = (
				5551DA692C14C112002D197E /* Currency.json in Resources */,
				431104B62C144F4800422179 /* StatePlacesViewController.xib in Resources */,
				431104B32C144C0900422179 /* CountriesDetailModelViewController.xib in Resources */,
				431104A72C1441F900422179 /* Assets.xcassets in Resources */,
				5551DA652C14C106002D197E /* CountriesDetails.json in Resources */,
				5551DA672C14C10C002D197E /* CurrencyConversion.json in Resources */,
				5551DA5F2C14C0E1002D197E /* PointsOfInterest.json in Resources */,
				431104AA2C1441F900422179 /* Base in Resources */,
				431104A52C1441F700422179 /* Base in Resources */,
				5551DA612C14C0F9002D197E /* Capitals.json in Resources */,
				5551DA632C14C100002D197E /* Countrys.json in Resources */,
				5551DA5D2C14C0A4002D197E /* Flags.json in Resources */,
			);
			runOnlyForDeploymentPostprocessing = 0;
		};
/* End PBXResourcesBuildPhase section */

/* Begin PBXSourcesBuildPhase section */
		431104962C1441F700422179 /* Sources */ = {
			isa = PBXSourcesBuildPhase;
			buildActionMask = 2147483647;
			files = (
				43D428132C1CA0D3003AB24C /* Currency.swift in Sources */,
				43BF12F62C1C28D400A55E8E /* Capital.swift in Sources */,
				5551DA6C2C14C18E002D197E /* Extensions.swift in Sources */,
				43D428172C1CBF86003AB24C /* CambioViewController.swift in Sources */,
				43D4280F2C1C9611003AB24C /* StatePlacesViewController.swift in Sources */,
				5551DA7A2C14D632002D197E /* CountriesDetail.swift in Sources */,
				5551DA7F2C14D9C1002D197E /* CountriesDetailModelViewController.swift in Sources */,
				431104A22C1441F700422179 /* ViewController.swift in Sources */,
				4311049E2C1441F700422179 /* AppDelegate.swift in Sources */,
				5551DA762C14C3CD002D197E /* Flag.swift in Sources */,
				5551DA7D2C14D6A2002D197E /* CountriesDetailModel.swift in Sources */,
				5551DA782C14D29A002D197E /* CountriesDetailsDTO.swift in Sources */,
				43BF12F82C1C293100A55E8E /* CapitalModel.swift in Sources */,
				5551DA712C14C2F3002D197E /* FlagsModel.swift in Sources */,
				43D428112C1CA07C003AB24C /* CurrencyDTO.swift in Sources */,
				43BF12F42C1C22C700A55E8E /* CapitalsDTO.swift in Sources */,
				431104A02C1441F700422179 /* SceneDelegate.swift in Sources */,
				5551DA582C14BD78002D197E /* CustomCollectionViewCell.swift in Sources */,
				5551DA6E2C14C26D002D197E /* FlagsDTO.swift in Sources */,
				43DECD422C1D82CA0006A8CF /* PointsInterest.swift in Sources */,
				43D428152C1CA10F003AB24C /* CurrencyModel.swift in Sources */,
			);
			runOnlyForDeploymentPostprocessing = 0;
		};
/* End PBXSourcesBuildPhase section */

/* Begin PBXVariantGroup section */
		431104A32C1441F700422179 /* Main.storyboard */ = {
			isa = PBXVariantGroup;
			children = (
				431104A42C1441F700422179 /* Base */,
			);
			name = Main.storyboard;
			sourceTree = "<group>";
		};
		431104A82C1441F900422179 /* LaunchScreen.storyboard */ = {
			isa = PBXVariantGroup;
			children = (
				431104A92C1441F900422179 /* Base */,
			);
			name = LaunchScreen.storyboard;
			sourceTree = "<group>";
		};
/* End PBXVariantGroup section */

/* Begin XCBuildConfiguration section */
		431104AC2C1441F900422179 /* Debug */ = {
			isa = XCBuildConfiguration;
			buildSettings = {
				ALWAYS_SEARCH_USER_PATHS = NO;
				ASSETCATALOG_COMPILER_GENERATE_SWIFT_ASSET_SYMBOL_EXTENSIONS = YES;
				CLANG_ANALYZER_NONNULL = YES;
				CLANG_ANALYZER_NUMBER_OBJECT_CONVERSION = YES_AGGRESSIVE;
				CLANG_CXX_LANGUAGE_STANDARD = "gnu++20";
				CLANG_ENABLE_MODULES = YES;
				CLANG_ENABLE_OBJC_ARC = YES;
				CLANG_ENABLE_OBJC_WEAK = YES;
				CLANG_WARN_BLOCK_CAPTURE_AUTORELEASING = YES;
				CLANG_WARN_BOOL_CONVERSION = YES;
				CLANG_WARN_COMMA = YES;
				CLANG_WARN_CONSTANT_CONVERSION = YES;
				CLANG_WARN_DEPRECATED_OBJC_IMPLEMENTATIONS = YES;
				CLANG_WARN_DIRECT_OBJC_ISA_USAGE = YES_ERROR;
				CLANG_WARN_DOCUMENTATION_COMMENTS = YES;
				CLANG_WARN_EMPTY_BODY = YES;
				CLANG_WARN_ENUM_CONVERSION = YES;
				CLANG_WARN_INFINITE_RECURSION = YES;
				CLANG_WARN_INT_CONVERSION = YES;
				CLANG_WARN_NON_LITERAL_NULL_CONVERSION = YES;
				CLANG_WARN_OBJC_IMPLICIT_RETAIN_SELF = YES;
				CLANG_WARN_OBJC_LITERAL_CONVERSION = YES;
				CLANG_WARN_OBJC_ROOT_CLASS = YES_ERROR;
				CLANG_WARN_QUOTED_INCLUDE_IN_FRAMEWORK_HEADER = YES;
				CLANG_WARN_RANGE_LOOP_ANALYSIS = YES;
				CLANG_WARN_STRICT_PROTOTYPES = YES;
				CLANG_WARN_SUSPICIOUS_MOVE = YES;
				CLANG_WARN_UNGUARDED_AVAILABILITY = YES_AGGRESSIVE;
				CLANG_WARN_UNREACHABLE_CODE = YES;
				CLANG_WARN__DUPLICATE_METHOD_MATCH = YES;
				COPY_PHASE_STRIP = NO;
				DEBUG_INFORMATION_FORMAT = dwarf;
				ENABLE_STRICT_OBJC_MSGSEND = YES;
				ENABLE_TESTABILITY = YES;
				ENABLE_USER_SCRIPT_SANDBOXING = YES;
				GCC_C_LANGUAGE_STANDARD = gnu17;
				GCC_DYNAMIC_NO_PIC = NO;
				GCC_NO_COMMON_BLOCKS = YES;
				GCC_OPTIMIZATION_LEVEL = 0;
				GCC_PREPROCESSOR_DEFINITIONS = (
					"DEBUG=1",
					"$(inherited)",
				);
				GCC_WARN_64_TO_32_BIT_CONVERSION = YES;
				GCC_WARN_ABOUT_RETURN_TYPE = YES_ERROR;
				GCC_WARN_UNDECLARED_SELECTOR = YES;
				GCC_WARN_UNINITIALIZED_AUTOS = YES_AGGRESSIVE;
				GCC_WARN_UNUSED_FUNCTION = YES;
				GCC_WARN_UNUSED_VARIABLE = YES;
				IPHONEOS_DEPLOYMENT_TARGET = 17.4;
				LOCALIZATION_PREFERS_STRING_CATALOGS = YES;
				MTL_ENABLE_DEBUG_INFO = INCLUDE_SOURCE;
				MTL_FAST_MATH = YES;
				ONLY_ACTIVE_ARCH = YES;
				SDKROOT = iphoneos;
				SWIFT_ACTIVE_COMPILATION_CONDITIONS = "DEBUG $(inherited)";
				SWIFT_OPTIMIZATION_LEVEL = "-Onone";
			};
			name = Debug;
		};
		431104AD2C1441F900422179 /* Release */ = {
			isa = XCBuildConfiguration;
			buildSettings = {
				ALWAYS_SEARCH_USER_PATHS = NO;
				ASSETCATALOG_COMPILER_GENERATE_SWIFT_ASSET_SYMBOL_EXTENSIONS = YES;
				CLANG_ANALYZER_NONNULL = YES;
				CLANG_ANALYZER_NUMBER_OBJECT_CONVERSION = YES_AGGRESSIVE;
				CLANG_CXX_LANGUAGE_STANDARD = "gnu++20";
				CLANG_ENABLE_MODULES = YES;
				CLANG_ENABLE_OBJC_ARC = YES;
				CLANG_ENABLE_OBJC_WEAK = YES;
				CLANG_WARN_BLOCK_CAPTURE_AUTORELEASING = YES;
				CLANG_WARN_BOOL_CONVERSION = YES;
				CLANG_WARN_COMMA = YES;
				CLANG_WARN_CONSTANT_CONVERSION = YES;
				CLANG_WARN_DEPRECATED_OBJC_IMPLEMENTATIONS = YES;
				CLANG_WARN_DIRECT_OBJC_ISA_USAGE = YES_ERROR;
				CLANG_WARN_DOCUMENTATION_COMMENTS = YES;
				CLANG_WARN_EMPTY_BODY = YES;
				CLANG_WARN_ENUM_CONVERSION = YES;
				CLANG_WARN_INFINITE_RECURSION = YES;
				CLANG_WARN_INT_CONVERSION = YES;
				CLANG_WARN_NON_LITERAL_NULL_CONVERSION = YES;
				CLANG_WARN_OBJC_IMPLICIT_RETAIN_SELF = YES;
				CLANG_WARN_OBJC_LITERAL_CONVERSION = YES;
				CLANG_WARN_OBJC_ROOT_CLASS = YES_ERROR;
				CLANG_WARN_QUOTED_INCLUDE_IN_FRAMEWORK_HEADER = YES;
				CLANG_WARN_RANGE_LOOP_ANALYSIS = YES;
				CLANG_WARN_STRICT_PROTOTYPES = YES;
				CLANG_WARN_SUSPICIOUS_MOVE = YES;
				CLANG_WARN_UNGUARDED_AVAILABILITY = YES_AGGRESSIVE;
				CLANG_WARN_UNREACHABLE_CODE = YES;
				CLANG_WARN__DUPLICATE_METHOD_MATCH = YES;
				COPY_PHASE_STRIP = NO;
				DEBUG_INFORMATION_FORMAT = "dwarf-with-dsym";
				ENABLE_NS_ASSERTIONS = NO;
				ENABLE_STRICT_OBJC_MSGSEND = YES;
				ENABLE_USER_SCRIPT_SANDBOXING = YES;
				GCC_C_LANGUAGE_STANDARD = gnu17;
				GCC_NO_COMMON_BLOCKS = YES;
				GCC_WARN_64_TO_32_BIT_CONVERSION = YES;
				GCC_WARN_ABOUT_RETURN_TYPE = YES_ERROR;
				GCC_WARN_UNDECLARED_SELECTOR = YES;
				GCC_WARN_UNINITIALIZED_AUTOS = YES_AGGRESSIVE;
				GCC_WARN_UNUSED_FUNCTION = YES;
				GCC_WARN_UNUSED_VARIABLE = YES;
				IPHONEOS_DEPLOYMENT_TARGET = 17.4;
				LOCALIZATION_PREFERS_STRING_CATALOGS = YES;
				MTL_ENABLE_DEBUG_INFO = NO;
				MTL_FAST_MATH = YES;
				SDKROOT = iphoneos;
				SWIFT_COMPILATION_MODE = wholemodule;
				VALIDATE_PRODUCT = YES;
			};
			name = Release;
		};
		431104AF2C1441F900422179 /* Debug */ = {
			isa = XCBuildConfiguration;
			buildSettings = {
				ASSETCATALOG_COMPILER_APPICON_NAME = AppIcon;
				ASSETCATALOG_COMPILER_GLOBAL_ACCENT_COLOR_NAME = AccentColor;
				CODE_SIGN_STYLE = Automatic;
				CURRENT_PROJECT_VERSION = 1;
				GENERATE_INFOPLIST_FILE = YES;
				INFOPLIST_FILE = CountrysCurrencyApp/Info.plist;
				INFOPLIST_KEY_UIApplicationSupportsIndirectInputEvents = YES;
				INFOPLIST_KEY_UILaunchStoryboardName = LaunchScreen;
				INFOPLIST_KEY_UIMainStoryboardFile = Main;
				INFOPLIST_KEY_UISupportedInterfaceOrientations_iPad = "UIInterfaceOrientationPortrait UIInterfaceOrientationPortraitUpsideDown UIInterfaceOrientationLandscapeLeft UIInterfaceOrientationLandscapeRight";
				INFOPLIST_KEY_UISupportedInterfaceOrientations_iPhone = "UIInterfaceOrientationPortrait UIInterfaceOrientationLandscapeLeft UIInterfaceOrientationLandscapeRight";
				IPHONEOS_DEPLOYMENT_TARGET = 17.0;
				LD_RUNPATH_SEARCH_PATHS = (
					"$(inherited)",
					"@executable_path/Frameworks",
				);
				MARKETING_VERSION = 1.0;
				PRODUCT_BUNDLE_IDENTIFIER = AngelLopez.CountrysCurrencyApp;
				PRODUCT_NAME = "$(TARGET_NAME)";
				SUPPORTED_PLATFORMS = "iphoneos iphonesimulator";
				SUPPORTS_MACCATALYST = NO;
				SUPPORTS_MAC_DESIGNED_FOR_IPHONE_IPAD = NO;
				SUPPORTS_XR_DESIGNED_FOR_IPHONE_IPAD = NO;
				SWIFT_EMIT_LOC_STRINGS = YES;
				SWIFT_VERSION = 5.0;
				TARGETED_DEVICE_FAMILY = 1;
			};
			name = Debug;
		};
		431104B02C1441F900422179 /* Release */ = {
			isa = XCBuildConfiguration;
			buildSettings = {
				ASSETCATALOG_COMPILER_APPICON_NAME = AppIcon;
				ASSETCATALOG_COMPILER_GLOBAL_ACCENT_COLOR_NAME = AccentColor;
				CODE_SIGN_STYLE = Automatic;
				CURRENT_PROJECT_VERSION = 1;
				GENERATE_INFOPLIST_FILE = YES;
				INFOPLIST_FILE = CountrysCurrencyApp/Info.plist;
				INFOPLIST_KEY_UIApplicationSupportsIndirectInputEvents = YES;
				INFOPLIST_KEY_UILaunchStoryboardName = LaunchScreen;
				INFOPLIST_KEY_UIMainStoryboardFile = Main;
				INFOPLIST_KEY_UISupportedInterfaceOrientations_iPad = "UIInterfaceOrientationPortrait UIInterfaceOrientationPortraitUpsideDown UIInterfaceOrientationLandscapeLeft UIInterfaceOrientationLandscapeRight";
				INFOPLIST_KEY_UISupportedInterfaceOrientations_iPhone = "UIInterfaceOrientationPortrait UIInterfaceOrientationLandscapeLeft UIInterfaceOrientationLandscapeRight";
				IPHONEOS_DEPLOYMENT_TARGET = 17.0;
				LD_RUNPATH_SEARCH_PATHS = (
					"$(inherited)",
					"@executable_path/Frameworks",
				);
				MARKETING_VERSION = 1.0;
				PRODUCT_BUNDLE_IDENTIFIER = AngelLopez.CountrysCurrencyApp;
				PRODUCT_NAME = "$(TARGET_NAME)";
				SUPPORTED_PLATFORMS = "iphoneos iphonesimulator";
				SUPPORTS_MACCATALYST = NO;
				SUPPORTS_MAC_DESIGNED_FOR_IPHONE_IPAD = NO;
				SUPPORTS_XR_DESIGNED_FOR_IPHONE_IPAD = NO;
				SWIFT_EMIT_LOC_STRINGS = YES;
				SWIFT_VERSION = 5.0;
				TARGETED_DEVICE_FAMILY = 1;
			};
			name = Release;
		};
/* End XCBuildConfiguration section */

/* Begin XCConfigurationList section */
		431104952C1441F700422179 /* Build configuration list for PBXProject "CountrysCurrencyApp" */ = {
			isa = XCConfigurationList;
			buildConfigurations = (
				431104AC2C1441F900422179 /* Debug */,
				431104AD2C1441F900422179 /* Release */,
			);
			defaultConfigurationIsVisible = 0;
			defaultConfigurationName = Release;
		};
		431104AE2C1441F900422179 /* Build configuration list for PBXNativeTarget "CountrysCurrencyApp" */ = {
			isa = XCConfigurationList;
			buildConfigurations = (
				431104AF2C1441F900422179 /* Debug */,
				431104B02C1441F900422179 /* Release */,
			);
			defaultConfigurationIsVisible = 0;
			defaultConfigurationName = Release;
		};
/* End XCConfigurationList section */
	};
	rootObject = 431104922C1441F700422179 /* Project object */;
}
